
Microsoft Visual Studio Solution File, Format Version 12.00
# Visual Studio Version 17
VisualStudioVersion = 17.3.32929.385
MinimumVisualStudioVersion = 10.0.40219.1
Project("{FAE04EC0-301F-11D3-BF4B-00C04F79EFBC}") = "PasswordManager", "PasswordManager.csproj", "{A40E64D8-909D-4C64-8C9B-2DA3406EDFBE}"
EndProject
Global
	GlobalSection(SolutionConfigurationPlatforms) = preSolution
		Debug|Any CPU = Debug|Any CPU
		Release|Any CPU = Release|Any CPU
	EndGlobalSection
	GlobalSection(ProjectConfigurationPlatforms) = postSolution
		{A40E64D8-909D-4C64-8C9B-2DA3406EDFBE}.Debug|Any CPU.ActiveCfg = Debug|Any CPU
		{A40E64D8-909D-4C64-8C9B-2DA3406EDFBE}.Debug|Any CPU.Build.0 = Debug|Any CPU
		{A40E64D8-909D-4C64-8C9B-2DA3406EDFBE}.Release|Any CPU.ActiveCfg = Release|Any CPU
		{A40E64D8-909D-4C64-8C9B-2DA3406EDFBE}.Release|Any CPU.Build.0 = Release|Any CPU
	EndGlobalSection
	GlobalSection(SolutionProperties) = preSolution
		HideSolutionNode = FALSE
	EndGlobalSection
	GlobalSection(ExtensibilityGlobals) = postSolution
		SolutionGuid = {2591BA14-E21E-426D-919E-A5C47DE6D9D4}
	EndGlobalSection
EndGlobal
